
Microsoft Visual Studio Solution File, Format Version 12.00
# Visual Studio 15
VisualStudioVersion = 15.0.27130.2036
MinimumVisualStudioVersion = 10.0.40219.1
Project("{9A19103F-16F7-4668-BE54-9A1E7A4F7556}") = "Web.Application", "Web.Application.csproj", "{272804FC-5751-4AE2-A548-B25EE66A603F}"
EndProject
Global
	GlobalSection(SolutionConfigurationPlatforms) = preSolution
		Debug|Any CPU = Debug|Any CPU
		Release|Any CPU = Release|Any CPU
	EndGlobalSection
	GlobalSection(ProjectConfigurationPlatforms) = postSolution
		{272804FC-5751-4AE2-A548-B25EE66A603F}.Debug|Any CPU.ActiveCfg = Debug|Any CPU
		{272804FC-5751-4AE2-A548-B25EE66A603F}.Debug|Any CPU.Build.0 = Debug|Any CPU
		{272804FC-5751-4AE2-A548-B25EE66A603F}.Release|Any CPU.ActiveCfg = Release|Any CPU
		{272804FC-5751-4AE2-A548-B25EE66A603F}.Release|Any CPU.Build.0 = Release|Any CPU
	EndGlobalSection
	GlobalSection(SolutionProperties) = preSolution
		HideSolutionNode = FALSE
	EndGlobalSection
	GlobalSection(ExtensibilityGlobals) = postSolution
		SolutionGuid = {672360AF-CC57-493A-BF77-AC0E50904A0C}
	EndGlobalSection
EndGlobal
